
Microsoft Visual Studio Solution File, Format Version 12.00
# Visual Studio Version 16
VisualStudioVersion = 16.0.31624.102
MinimumVisualStudioVersion = 10.0.40219.1
Project("{FAE04EC0-301F-11D3-BF4B-00C04F79EFBC}") = "Senai.Rental.WebApi", "Senai.Rental.WebApi\Senai.Rental.WebApi.csproj", "{223614ED-D35B-4B82-B5E0-5F701C387841}"
EndProject
Global
	GlobalSection(SolutionConfigurationPlatforms) = preSolution
		Debug|Any CPU = Debug|Any CPU
		Release|Any CPU = Release|Any CPU
	EndGlobalSection
	GlobalSection(ProjectConfigurationPlatforms) = postSolution
		{223614ED-D35B-4B82-B5E0-5F701C387841}.Debug|Any CPU.ActiveCfg = Debug|Any CPU
		{223614ED-D35B-4B82-B5E0-5F701C387841}.Debug|Any CPU.Build.0 = Debug|Any CPU
		{223614ED-D35B-4B82-B5E0-5F701C387841}.Release|Any CPU.ActiveCfg = Release|Any CPU
		{223614ED-D35B-4B82-B5E0-5F701C387841}.Release|Any CPU.Build.0 = Release|Any CPU
	EndGlobalSection
	GlobalSection(SolutionProperties) = preSolution
		HideSolutionNode = FALSE
	EndGlobalSection
	GlobalSection(ExtensibilityGlobals) = postSolution
		SolutionGuid = {F8D081F5-62EE-42AA-B8C0-D09CDC872145}
	EndGlobalSection
EndGlobal
